// !$*UTF8*$!
{
	archiveVersion = 1;
	classes = {
	};
	objectVersion = 50;
	objects = {

/* Begin PBXBuildFile section */
		702EB0FC24A93B5D007FD15E /* GRSBSoundViewController.swift in Sources */ = {isa = PBXBuildFile; fileRef = 702EB0FB24A93B5D007FD15E /* GRSBSoundViewController.swift */; };
		702EB0FE24A95C8D007FD15E /* GRSBPageViewController.swift in Sources */ = {isa = PBXBuildFile; fileRef = 702EB0FD24A95C8D007FD15E /* GRSBPageViewController.swift */; };
		702EB10024A964CA007FD15E /* GRSBSoundManager.swift in Sources */ = {isa = PBXBuildFile; fileRef = 702EB0FF24A964CA007FD15E /* GRSBSoundManager.swift */; };
		7038C9C324A3FEDD00A8B920 /* AppDelegate.swift in Sources */ = {isa = PBXBuildFile; fileRef = 7038C9C224A3FEDD00A8B920 /* AppDelegate.swift */; };
		7038C9C724A3FEDD00A8B920 /* ViewController.swift in Sources */ = {isa = PBXBuildFile; fileRef = 7038C9C624A3FEDD00A8B920 /* ViewController.swift */; };
		7038C9CA24A3FEDD00A8B920 /* Main.storyboard in Resources */ = {isa = PBXBuildFile; fileRef = 7038C9C824A3FEDD00A8B920 /* Main.storyboard */; };
		7038C9CD24A3FEDD00A8B920 /* GRSB_Swift_5.xcdatamodeld in Sources */ = {isa = PBXBuildFile; fileRef = 7038C9CB24A3FEDD00A8B920 /* GRSB_Swift_5.xcdatamodeld */; };
		7038C9CF24A3FEDE00A8B920 /* Assets.xcassets in Resources */ = {isa = PBXBuildFile; fileRef = 7038C9CE24A3FEDE00A8B920 /* Assets.xcassets */; };
		7038C9D224A3FEDE00A8B920 /* LaunchScreen.storyboard in Resources */ = {isa = PBXBuildFile; fileRef = 7038C9D024A3FEDE00A8B920 /* LaunchScreen.storyboard */; };
		7038C9DC24A405D600A8B920 /* GRSBButtonView.swift in Sources */ = {isa = PBXBuildFile; fileRef = 7038C9DB24A405D600A8B920 /* GRSBButtonView.swift */; };
		707B280D24A85914007CA3A7 /* Sceebus.swift in Sources */ = {isa = PBXBuildFile; fileRef = 707B280C24A85914007CA3A7 /* Sceebus.swift */; };
		707B280F24A8F994007CA3A7 /* Sceebus II.swift in Sources */ = {isa = PBXBuildFile; fileRef = 707B280E24A8F994007CA3A7 /* Sceebus II.swift */; };
		70E1959224A81B7A00D33081 /* comicbd.ttf in Resources */ = {isa = PBXBuildFile; fileRef = 70E1959024A81B7A00D33081 /* comicbd.ttf */; };
		70E1959324A81B7A00D33081 /* comic.ttf in Resources */ = {isa = PBXBuildFile; fileRef = 70E1959124A81B7A00D33081 /* comic.ttf */; };
/* End PBXBuildFile section */

/* Begin PBXFileReference section */
		702EB0FB24A93B5D007FD15E /* GRSBSoundViewController.swift */ = {isa = PBXFileReference; lastKnownFileType = sourcecode.swift; path = GRSBSoundViewController.swift; sourceTree = "<group>"; };
		702EB0FD24A95C8D007FD15E /* GRSBPageViewController.swift */ = {isa = PBXFileReference; lastKnownFileType = sourcecode.swift; path = GRSBPageViewController.swift; sourceTree = "<group>"; };
		702EB0FF24A964CA007FD15E /* GRSBSoundManager.swift */ = {isa = PBXFileReference; lastKnownFileType = sourcecode.swift; path = GRSBSoundManager.swift; sourceTree = "<group>"; };
		7038C9BF24A3FEDD00A8B920 /* GRSB Swift 5.app */ = {isa = PBXFileReference; explicitFileType = wrapper.application; includeInIndex = 0; path = "GRSB Swift 5.app"; sourceTree = BUILT_PRODUCTS_DIR; };
		7038C9C224A3FEDD00A8B920 /* AppDelegate.swift */ = {isa = PBXFileReference; lastKnownFileType = sourcecode.swift; path = AppDelegate.swift; sourceTree = "<group>"; };
		7038C9C624A3FEDD00A8B920 /* ViewController.swift */ = {isa = PBXFileReference; lastKnownFileType = sourcecode.swift; path = ViewController.swift; sourceTree = "<group>"; };
		7038C9C924A3FEDD00A8B920 /* Base */ = {isa = PBXFileReference; lastKnownFileType = file.storyboard; name = Base; path = Base.lproj/Main.storyboard; sourceTree = "<group>"; };
		7038C9CC24A3FEDD00A8B920 /* GRSB_Swift_5.xcdatamodel */ = {isa = PBXFileReference; lastKnownFileType = wrapper.xcdatamodel; path = GRSB_Swift_5.xcdatamodel; sourceTree = "<group>"; };
		7038C9CE24A3FEDE00A8B920 /* Assets.xcassets */ = {isa = PBXFileReference; lastKnownFileType = folder.assetcatalog; path = Assets.xcassets; sourceTree = "<group>"; };
		7038C9D124A3FEDE00A8B920 /* Base */ = {isa = PBXFileReference; lastKnownFileType = file.storyboard; name = Base; path = Base.lproj/LaunchScreen.storyboard; sourceTree = "<group>"; };
		7038C9D324A3FEDE00A8B920 /* Info.plist */ = {isa = PBXFileReference; lastKnownFileType = text.plist.xml; path = Info.plist; sourceTree = "<group>"; };
		7038C9DB24A405D600A8B920 /* GRSBButtonView.swift */ = {isa = PBXFileReference; lastKnownFileType = sourcecode.swift; path = GRSBButtonView.swift; sourceTree = "<group>"; };
		707B280C24A85914007CA3A7 /* Sceebus.swift */ = {isa = PBXFileReference; lastKnownFileType = sourcecode.swift; path = Sceebus.swift; sourceTree = "<group>"; };
		707B280E24A8F994007CA3A7 /* Sceebus II.swift */ = {isa = PBXFileReference; lastKnownFileType = sourcecode.swift; path = "Sceebus II.swift"; sourceTree = "<group>"; };
		70E1959024A81B7A00D33081 /* comicbd.ttf */ = {isa = PBXFileReference; lastKnownFileType = file; path = comicbd.ttf; sourceTree = "<group>"; };
		70E1959124A81B7A00D33081 /* comic.ttf */ = {isa = PBXFileReference; lastKnownFileType = file; path = comic.ttf; sourceTree = "<group>"; };
/* End PBXFileReference section */

/* Begin PBXFrameworksBuildPhase section */
		7038C9BC24A3FEDD00A8B920 /* Frameworks */ = {
			isa = PBXFrameworksBuildPhase;
			buildActionMask = 2147483647;
			files = (
			);
			runOnlyForDeploymentPostprocessing = 0;
		};
/* End PBXFrameworksBuildPhase section */

/* Begin PBXGroup section */
		7038C9B624A3FEDD00A8B920 = {
			isa = PBXGroup;
			children = (
				7038C9C124A3FEDD00A8B920 /* GRSB Swift 5 */,
				7038C9C024A3FEDD00A8B920 /* Products */,
			);
			sourceTree = "<group>";
		};
		7038C9C024A3FEDD00A8B920 /* Products */ = {
			isa = PBXGroup;
			children = (
				7038C9BF24A3FEDD00A8B920 /* GRSB Swift 5.app */,
			);
			name = Products;
			sourceTree = "<group>";
		};
		7038C9C124A3FEDD00A8B920 /* GRSB Swift 5 */ = {
			isa = PBXGroup;
			children = (
				70E1958F24A81B6100D33081 /* Fonts */,
				7038C9C224A3FEDD00A8B920 /* AppDelegate.swift */,
				7038C9C624A3FEDD00A8B920 /* ViewController.swift */,
				702EB0FD24A95C8D007FD15E /* GRSBPageViewController.swift */,
				702EB0FB24A93B5D007FD15E /* GRSBSoundViewController.swift */,
				702EB0FF24A964CA007FD15E /* GRSBSoundManager.swift */,
				707B280C24A85914007CA3A7 /* Sceebus.swift */,
				707B280E24A8F994007CA3A7 /* Sceebus II.swift */,
				7038C9C824A3FEDD00A8B920 /* Main.storyboard */,
				7038C9CE24A3FEDE00A8B920 /* Assets.xcassets */,
				7038C9D024A3FEDE00A8B920 /* LaunchScreen.storyboard */,
				7038C9D324A3FEDE00A8B920 /* Info.plist */,
				7038C9CB24A3FEDD00A8B920 /* GRSB_Swift_5.xcdatamodeld */,
				7038C9DB24A405D600A8B920 /* GRSBButtonView.swift */,
			);
			path = "GRSB Swift 5";
			sourceTree = "<group>";
		};
		70E1958F24A81B6100D33081 /* Fonts */ = {
			isa = PBXGroup;
			children = (
				70E1959124A81B7A00D33081 /* comic.ttf */,
				70E1959024A81B7A00D33081 /* comicbd.ttf */,
			);
			path = Fonts;
			sourceTree = "<group>";
		};
/* End PBXGroup section */

/* Begin PBXNativeTarget section */
		7038C9BE24A3FEDD00A8B920 /* GRSB Swift 5 */ = {
			isa = PBXNativeTarget;
			buildConfigurationList = 7038C9D624A3FEDE00A8B920 /* Build configuration list for PBXNativeTarget "GRSB Swift 5" */;
			buildPhases = (
				7038C9BB24A3FEDD00A8B920 /* Sources */,
				7038C9BC24A3FEDD00A8B920 /* Frameworks */,
				7038C9BD24A3FEDD00A8B920 /* Resources */,
			);
			buildRules = (
			);
			dependencies = (
			);
			name = "GRSB Swift 5";
			productName = "GRSB Swift 5";
			productReference = 7038C9BF24A3FEDD00A8B920 /* GRSB Swift 5.app */;
			productType = "com.apple.product-type.application";
		};
/* End PBXNativeTarget section */

/* Begin PBXProject section */
		7038C9B724A3FEDD00A8B920 /* Project object */ = {
			isa = PBXProject;
			attributes = {
				LastSwiftUpdateCheck = 1130;
				LastUpgradeCheck = 1130;
				ORGANIZATIONNAME = "Jared Ebenstein";
				TargetAttributes = {
					7038C9BE24A3FEDD00A8B920 = {
						CreatedOnToolsVersion = 11.3.1;
					};
				};
			};
			buildConfigurationList = 7038C9BA24A3FEDD00A8B920 /* Build configuration list for PBXProject "GRSB Swift 5" */;
			compatibilityVersion = "Xcode 9.3";
			developmentRegion = en;
			hasScannedForEncodings = 0;
			knownRegions = (
				en,
				Base,
			);
			mainGroup = 7038C9B624A3FEDD00A8B920;
			productRefGroup = 7038C9C024A3FEDD00A8B920 /* Products */;
			projectDirPath = "";
			projectRoot = "";
			targets = (
				7038C9BE24A3FEDD00A8B920 /* GRSB Swift 5 */,
			);
		};
/* End PBXProject section */

/* Begin PBXResourcesBuildPhase section */
		7038C9BD24A3FEDD00A8B920 /* Resources */ = {
			isa = PBXResourcesBuildPhase;
			buildActionMask = 2147483647;
			files = (
				70E1959224A81B7A00D33081 /* comicbd.ttf in Resources */,
				7038C9D224A3FEDE00A8B920 /* LaunchScreen.storyboard in Resources */,
				7038C9CF24A3FEDE00A8B920 /* Assets.xcassets in Resources */,
				70E1959324A81B7A00D33081 /* comic.ttf in Resources */,
				7038C9CA24A3FEDD00A8B920 /* Main.storyboard in Resources */,
			);
			runOnlyForDeploymentPostprocessing = 0;
		};
/* End PBXResourcesBuildPhase section */

/* Begin PBXSourcesBuildPhase section */
		7038C9BB24A3FEDD00A8B920 /* Sources */ = {
			isa = PBXSourcesBuildPhase;
			buildActionMask = 2147483647;
			files = (
				7038C9C724A3FEDD00A8B920 /* ViewController.swift in Sources */,
				702EB0FE24A95C8D007FD15E /* GRSBPageViewController.swift in Sources */,
				702EB10024A964CA007FD15E /* GRSBSoundManager.swift in Sources */,
				7038C9C324A3FEDD00A8B920 /* AppDelegate.swift in Sources */,
				7038C9DC24A405D600A8B920 /* GRSBButtonView.swift in Sources */,
				707B280D24A85914007CA3A7 /* Sceebus.swift in Sources */,
				7038C9CD24A3FEDD00A8B920 /* GRSB_Swift_5.xcdatamodeld in Sources */,
				702EB0FC24A93B5D007FD15E /* GRSBSoundViewController.swift in Sources */,
				707B280F24A8F994007CA3A7 /* Sceebus II.swift in Sources */,
			);
			runOnlyForDeploymentPostprocessing = 0;
		};
/* End PBXSourcesBuildPhase section */

/* Begin PBXVariantGroup section */
		7038C9C824A3FEDD00A8B920 /* Main.storyboard */ = {
			isa = PBXVariantGroup;
			children = (
				7038C9C924A3FEDD00A8B920 /* Base */,
			);
			name = Main.storyboard;
			sourceTree = "<group>";
		};
		7038C9D024A3FEDE00A8B920 /* LaunchScreen.storyboard */ = {
			isa = PBXVariantGroup;
			children = (
				7038C9D124A3FEDE00A8B920 /* Base */,
			);
			name = LaunchScreen.storyboard;
			sourceTree = "<group>";
		};
/* End PBXVariantGroup section */

/* Begin XCBuildConfiguration section */
		7038C9D424A3FEDE00A8B920 /* Debug */ = {
			isa = XCBuildConfiguration;
			buildSettings = {
				ALWAYS_SEARCH_USER_PATHS = NO;
				CLANG_ANALYZER_NONNULL = YES;
				CLANG_ANALYZER_NUMBER_OBJECT_CONVERSION = YES_AGGRESSIVE;
				CLANG_CXX_LANGUAGE_STANDARD = "gnu++14";
				CLANG_CXX_LIBRARY = "libc++";
				CLANG_ENABLE_MODULES = YES;
				CLANG_ENABLE_OBJC_ARC = YES;
				CLANG_ENABLE_OBJC_WEAK = YES;
				CLANG_WARN_BLOCK_CAPTURE_AUTORELEASING = YES;
				CLANG_WARN_BOOL_CONVERSION = YES;
				CLANG_WARN_COMMA = YES;
				CLANG_WARN_CONSTANT_CONVERSION = YES;
				CLANG_WARN_DEPRECATED_OBJC_IMPLEMENTATIONS = YES;
				CLANG_WARN_DIRECT_OBJC_ISA_USAGE = YES_ERROR;
				CLANG_WARN_DOCUMENTATION_COMMENTS = YES;
				CLANG_WARN_EMPTY_BODY = YES;
				CLANG_WARN_ENUM_CONVERSION = YES;
				CLANG_WARN_INFINITE_RECURSION = YES;
				CLANG_WARN_INT_CONVERSION = YES;
				CLANG_WARN_NON_LITERAL_NULL_CONVERSION = YES;
				CLANG_WARN_OBJC_IMPLICIT_RETAIN_SELF = YES;
				CLANG_WARN_OBJC_LITERAL_CONVERSION = YES;
				CLANG_WARN_OBJC_ROOT_CLASS = YES_ERROR;
				CLANG_WARN_RANGE_LOOP_ANALYSIS = YES;
				CLANG_WARN_STRICT_PROTOTYPES = YES;
				CLANG_WARN_SUSPICIOUS_MOVE = YES;
				CLANG_WARN_UNGUARDED_AVAILABILITY = YES_AGGRESSIVE;
				CLANG_WARN_UNREACHABLE_CODE = YES;
				CLANG_WARN__DUPLICATE_METHOD_MATCH = YES;
				COPY_PHASE_STRIP = NO;
				DEBUG_INFORMATION_FORMAT = dwarf;
				ENABLE_STRICT_OBJC_MSGSEND = YES;
				ENABLE_TESTABILITY = YES;
				GCC_C_LANGUAGE_STANDARD = gnu11;
				GCC_DYNAMIC_NO_PIC = NO;
				GCC_NO_COMMON_BLOCKS = YES;
				GCC_OPTIMIZATION_LEVEL = 0;
				GCC_PREPROCESSOR_DEFINITIONS = (
					"DEBUG=1",
					"$(inherited)",
				);
				GCC_WARN_64_TO_32_BIT_CONVERSION = YES;
				GCC_WARN_ABOUT_RETURN_TYPE = YES_ERROR;
				GCC_WARN_UNDECLARED_SELECTOR = YES;
				GCC_WARN_UNINITIALIZED_AUTOS = YES_AGGRESSIVE;
				GCC_WARN_UNUSED_FUNCTION = YES;
				GCC_WARN_UNUSED_VARIABLE = YES;
				IPHONEOS_DEPLOYMENT_TARGET = 13.2;
				MTL_ENABLE_DEBUG_INFO = INCLUDE_SOURCE;
				MTL_FAST_MATH = YES;
				ONLY_ACTIVE_ARCH = YES;
				SDKROOT = iphoneos;
				SWIFT_ACTIVE_COMPILATION_CONDITIONS = DEBUG;
				SWIFT_OPTIMIZATION_LEVEL = "-Onone";
			};
			name = Debug;
		};
		7038C9D524A3FEDE00A8B920 /* Release */ = {
			isa = XCBuildConfiguration;
			buildSettings = {
				ALWAYS_SEARCH_USER_PATHS = NO;
				CLANG_ANALYZER_NONNULL = YES;
				CLANG_ANALYZER_NUMBER_OBJECT_CONVERSION = YES_AGGRESSIVE;
				CLANG_CXX_LANGUAGE_STANDARD = "gnu++14";
				CLANG_CXX_LIBRARY = "libc++";
				CLANG_ENABLE_MODULES = YES;
				CLANG_ENABLE_OBJC_ARC = YES;
				CLANG_ENABLE_OBJC_WEAK = YES;
				CLANG_WARN_BLOCK_CAPTURE_AUTORELEASING = YES;
				CLANG_WARN_BOOL_CONVERSION = YES;
				CLANG_WARN_COMMA = YES;
				CLANG_WARN_CONSTANT_CONVERSION = YES;
				CLANG_WARN_DEPRECATED_OBJC_IMPLEMENTATIONS = YES;
				CLANG_WARN_DIRECT_OBJC_ISA_USAGE = YES_ERROR;
				CLANG_WARN_DOCUMENTATION_COMMENTS = YES;
				CLANG_WARN_EMPTY_BODY = YES;
				CLANG_WARN_ENUM_CONVERSION = YES;
				CLANG_WARN_INFINITE_RECURSION = YES;
				CLANG_WARN_INT_CONVERSION = YES;
				CLANG_WARN_NON_LITERAL_NULL_CONVERSION = YES;
				CLANG_WARN_OBJC_IMPLICIT_RETAIN_SELF = YES;
				CLANG_WARN_OBJC_LITERAL_CONVERSION = YES;
				CLANG_WARN_OBJC_ROOT_CLASS = YES_ERROR;
				CLANG_WARN_RANGE_LOOP_ANALYSIS = YES;
				CLANG_WARN_STRICT_PROTOTYPES = YES;
				CLANG_WARN_SUSPICIOUS_MOVE = YES;
				CLANG_WARN_UNGUARDED_AVAILABILITY = YES_AGGRESSIVE;
				CLANG_WARN_UNREACHABLE_CODE = YES;
				CLANG_WARN__DUPLICATE_METHOD_MATCH = YES;
				COPY_PHASE_STRIP = NO;
				DEBUG_INFORMATION_FORMAT = "dwarf-with-dsym";
				ENABLE_NS_ASSERTIONS = NO;
				ENABLE_STRICT_OBJC_MSGSEND = YES;
				GCC_C_LANGUAGE_STANDARD = gnu11;
				GCC_NO_COMMON_BLOCKS = YES;
				GCC_WARN_64_TO_32_BIT_CONVERSION = YES;
				GCC_WARN_ABOUT_RETURN_TYPE = YES_ERROR;
				GCC_WARN_UNDECLARED_SELECTOR = YES;
				GCC_WARN_UNINITIALIZED_AUTOS = YES_AGGRESSIVE;
				GCC_WARN_UNUSED_FUNCTION = YES;
				GCC_WARN_UNUSED_VARIABLE = YES;
				IPHONEOS_DEPLOYMENT_TARGET = 13.2;
				MTL_ENABLE_DEBUG_INFO = NO;
				MTL_FAST_MATH = YES;
				SDKROOT = iphoneos;
				SWIFT_COMPILATION_MODE = wholemodule;
				SWIFT_OPTIMIZATION_LEVEL = "-O";
				VALIDATE_PRODUCT = YES;
			};
			name = Release;
		};
		7038C9D724A3FEDE00A8B920 /* Debug */ = {
			isa = XCBuildConfiguration;
			buildSettings = {
				ASSETCATALOG_COMPILER_APPICON_NAME = AppIcon;
				CODE_SIGN_STYLE = Automatic;
				DEVELOPMENT_TEAM = ML75D4UJUZ;
				INFOPLIST_FILE = "GRSB Swift 5/Info.plist";
				LD_RUNPATH_SEARCH_PATHS = (
					"$(inherited)",
					"@executable_path/Frameworks",
				);
				PRODUCT_BUNDLE_IDENTIFIER = "com.ebenstein.GRSB-Swift-5";
				PRODUCT_NAME = "$(TARGET_NAME)";
				SWIFT_VERSION = 5.0;
				TARGETED_DEVICE_FAMILY = 1;
			};
			name = Debug;
		};
		7038C9D824A3FEDE00A8B920 /* Release */ = {
			isa = XCBuildConfiguration;
			buildSettings = {
				ASSETCATALOG_COMPILER_APPICON_NAME = AppIcon;
				CODE_SIGN_STYLE = Automatic;
				DEVELOPMENT_TEAM = ML75D4UJUZ;
				INFOPLIST_FILE = "GRSB Swift 5/Info.plist";
				LD_RUNPATH_SEARCH_PATHS = (
					"$(inherited)",
					"@executable_path/Frameworks",
				);
				PRODUCT_BUNDLE_IDENTIFIER = "com.ebenstein.GRSB-Swift-5";
				PRODUCT_NAME = "$(TARGET_NAME)";
				SWIFT_VERSION = 5.0;
				TARGETED_DEVICE_FAMILY = 1;
			};
			name = Release;
		};
/* End XCBuildConfiguration section */

/* Begin XCConfigurationList section */
		7038C9BA24A3FEDD00A8B920 /* Build configuration list for PBXProject "GRSB Swift 5" */ = {
			isa = XCConfigurationList;
			buildConfigurations = (
				7038C9D424A3FEDE00A8B920 /* Debug */,
				7038C9D524A3FEDE00A8B920 /* Release */,
			);
			defaultConfigurationIsVisible = 0;
			defaultConfigurationName = Release;
		};
		7038C9D624A3FEDE00A8B920 /* Build configuration list for PBXNativeTarget "GRSB Swift 5" */ = {
			isa = XCConfigurationList;
			buildConfigurations = (
				7038C9D724A3FEDE00A8B920 /* Debug */,
				7038C9D824A3FEDE00A8B920 /* Release */,
			);
			defaultConfigurationIsVisible = 0;
			defaultConfigurationName = Release;
		};
/* End XCConfigurationList section */

/* Begin XCVersionGroup section */
		7038C9CB24A3FEDD00A8B920 /* GRSB_Swift_5.xcdatamodeld */ = {
			isa = XCVersionGroup;
			children = (
				7038C9CC24A3FEDD00A8B920 /* GRSB_Swift_5.xcdatamodel */,
			);
			currentVersion = 7038C9CC24A3FEDD00A8B920 /* GRSB_Swift_5.xcdatamodel */;
			path = GRSB_Swift_5.xcdatamodeld;
			sourceTree = "<group>";
			versionGroupType = wrapper.xcdatamodel;
		};
/* End XCVersionGroup section */
	};
	rootObject = 7038C9B724A3FEDD00A8B920 /* Project object */;
}
